
Microsoft Visual Studio Solution File, Format Version 12.00
# Visual Studio Version 16
VisualStudioVersion = 16.0.31410.357
MinimumVisualStudioVersion = 10.0.40219.1
Project("{FAE04EC0-301F-11D3-BF4B-00C04F79EFBC}") = "Ddos Panel For Leak.to", "Ddos Panel For Leak.to.csproj", "{291B8C5F-9D93-4222-B6E0-3429B8E0151E}"
EndProject
Global
	GlobalSection(SolutionConfigurationPlatforms) = preSolution
		Debug|Any CPU = Debug|Any CPU
		Release|Any CPU = Release|Any CPU
	EndGlobalSection
	GlobalSection(ProjectConfigurationPlatforms) = postSolution
		{291B8C5F-9D93-4222-B6E0-3429B8E0151E}.Debug|Any CPU.ActiveCfg = Debug|Any CPU
		{291B8C5F-9D93-4222-B6E0-3429B8E0151E}.Debug|Any CPU.Build.0 = Debug|Any CPU
		{291B8C5F-9D93-4222-B6E0-3429B8E0151E}.Release|Any CPU.ActiveCfg = Release|Any CPU
		{291B8C5F-9D93-4222-B6E0-3429B8E0151E}.Release|Any CPU.Build.0 = Release|Any CPU
	EndGlobalSection
	GlobalSection(SolutionProperties) = preSolution
		HideSolutionNode = FALSE
	EndGlobalSection
	GlobalSection(ExtensibilityGlobals) = postSolution
		SolutionGuid = {0D50ACA2-2D2F-486E-8C4E-A714B8988028}
	EndGlobalSection
EndGlobal
